// !$*UTF8*$!
{
	archiveVersion = 1;
	classes = {
	};
	objectVersion = 56;
	objects = {

/* Begin PBXBuildFile section */
		1D32E0802C59717900701AD4 /* MyWalletScreenViewController.swift in Sources */ = {isa = PBXBuildFile; fileRef = 1D32E07F2C59717900701AD4 /* MyWalletScreenViewController.swift */; };
		1D32E0822C5971BC00701AD4 /* QRScanScreenViewController.swift in Sources */ = {isa = PBXBuildFile; fileRef = 1D32E0812C5971BC00701AD4 /* QRScanScreenViewController.swift */; };
		1D32E0842C5972ED00701AD4 /* RewardScreenViewController.swift in Sources */ = {isa = PBXBuildFile; fileRef = 1D32E0832C5972ED00701AD4 /* RewardScreenViewController.swift */; };
		1D32E0862C59731F00701AD4 /* ProfileScreenViewController.swift in Sources */ = {isa = PBXBuildFile; fileRef = 1D32E0852C59731F00701AD4 /* ProfileScreenViewController.swift */; };
		1D32E08D2C59762B00701AD4 /* DesignableTabBarScreenViewController.swift in Sources */ = {isa = PBXBuildFile; fileRef = 1D32E08C2C59762B00701AD4 /* DesignableTabBarScreenViewController.swift */; };
		1DD28AD52C5575AB00870FF7 /* AppDelegate.swift in Sources */ = {isa = PBXBuildFile; fileRef = 1DD28AD42C5575AB00870FF7 /* AppDelegate.swift */; };
		1DD28AD72C5575AB00870FF7 /* SceneDelegate.swift in Sources */ = {isa = PBXBuildFile; fileRef = 1DD28AD62C5575AB00870FF7 /* SceneDelegate.swift */; };
		1DD28AD92C5575AB00870FF7 /* HomeScreenViewController.swift in Sources */ = {isa = PBXBuildFile; fileRef = 1DD28AD82C5575AB00870FF7 /* HomeScreenViewController.swift */; };
		1DD28ADC2C5575AB00870FF7 /* Base in Resources */ = {isa = PBXBuildFile; fileRef = 1DD28ADB2C5575AB00870FF7 /* Base */; };
		1DD28ADE2C5575AE00870FF7 /* Assets.xcassets in Resources */ = {isa = PBXBuildFile; fileRef = 1DD28ADD2C5575AE00870FF7 /* Assets.xcassets */; };
		1DD28AE12C5575AE00870FF7 /* Base in Resources */ = {isa = PBXBuildFile; fileRef = 1DD28AE02C5575AE00870FF7 /* Base */; };
		1DD28AF02C55784100870FF7 /* Colors.xcassets in Resources */ = {isa = PBXBuildFile; fileRef = 1DD28AEF2C55784100870FF7 /* Colors.xcassets */; };
		1DD28AF62C557D4000870FF7 /* AllModelEntity.swift in Sources */ = {isa = PBXBuildFile; fileRef = 1DD28AF52C557D4000870FF7 /* AllModelEntity.swift */; };
		1DD28AF82C557D4800870FF7 /* Constants.swift in Sources */ = {isa = PBXBuildFile; fileRef = 1DD28AF72C557D4800870FF7 /* Constants.swift */; };
		1DD28AFA2C557D5100870FF7 /* Extensions.swift in Sources */ = {isa = PBXBuildFile; fileRef = 1DD28AF92C557D5100870FF7 /* Extensions.swift */; };
		1DE9F1EB2C56CBA3000EEE07 /* LoginScreenViewController.swift in Sources */ = {isa = PBXBuildFile; fileRef = 1DE9F1EA2C56CBA3000EEE07 /* LoginScreenViewController.swift */; };
		1DE9F1ED2C56CBB1000EEE07 /* LoginScreen.storyboard in Resources */ = {isa = PBXBuildFile; fileRef = 1DE9F1EC2C56CBB1000EEE07 /* LoginScreen.storyboard */; };
		1DE9F1EF2C56D7BB000EEE07 /* CustomButton.swift in Sources */ = {isa = PBXBuildFile; fileRef = 1DE9F1EE2C56D7BB000EEE07 /* CustomButton.swift */; };
		1DE9F1F12C56D822000EEE07 /* RoundedButton.swift in Sources */ = {isa = PBXBuildFile; fileRef = 1DE9F1F02C56D822000EEE07 /* RoundedButton.swift */; };
		1DE9F1F32C56D847000EEE07 /* DesignableView.swift in Sources */ = {isa = PBXBuildFile; fileRef = 1DE9F1F22C56D847000EEE07 /* DesignableView.swift */; };
		1DE9F1F52C56DA3E000EEE07 /* LoginScreenProtocols.swift in Sources */ = {isa = PBXBuildFile; fileRef = 1DE9F1F42C56DA3E000EEE07 /* LoginScreenProtocols.swift */; };
		1DE9F1F72C56DA55000EEE07 /* LoginScreenEntity.swift in Sources */ = {isa = PBXBuildFile; fileRef = 1DE9F1F62C56DA55000EEE07 /* LoginScreenEntity.swift */; };
		1DE9F1FD2C56DD58000EEE07 /* SQLiteBase.swift in Sources */ = {isa = PBXBuildFile; fileRef = 1DE9F1F82C56DD58000EEE07 /* SQLiteBase.swift */; };
		1DE9F1FE2C56DD58000EEE07 /* CloudDB.swift in Sources */ = {isa = PBXBuildFile; fileRef = 1DE9F1F92C56DD58000EEE07 /* CloudDB.swift */; };
		1DE9F1FF2C56DD58000EEE07 /* SQLTable.swift in Sources */ = {isa = PBXBuildFile; fileRef = 1DE9F1FB2C56DD58000EEE07 /* SQLTable.swift */; };
		1DE9F2002C56DD58000EEE07 /* SQLiteDB.swift in Sources */ = {isa = PBXBuildFile; fileRef = 1DE9F1FC2C56DD58000EEE07 /* SQLiteDB.swift */; };
		1DE9F2072C56DF45000EEE07 /* libsqlite3.0.tbd in Frameworks */ = {isa = PBXBuildFile; fileRef = 1DE9F2032C56DF0D000EEE07 /* libsqlite3.0.tbd */; };
		1DE9F2082C56DF45000EEE07 /* libsqlite3.tbd in Frameworks */ = {isa = PBXBuildFile; fileRef = 1DE9F2022C56DF0D000EEE07 /* libsqlite3.tbd */; };
		1DE9F2102C56EBB8000EEE07 /* DBManager.swift in Sources */ = {isa = PBXBuildFile; fileRef = 1DE9F20F2C56EBB8000EEE07 /* DBManager.swift */; };
		1DF115372C58120D004C5031 /* Bank.swift in Sources */ = {isa = PBXBuildFile; fileRef = 1DF115362C58120D004C5031 /* Bank.swift */; };
		1DF115392C581218004C5031 /* Account.swift in Sources */ = {isa = PBXBuildFile; fileRef = 1DF115382C581218004C5031 /* Account.swift */; };
		1DF1153C2C582B2C004C5031 /* Payment.db in Resources */ = {isa = PBXBuildFile; fileRef = 1DF1153B2C582B2C004C5031 /* Payment.db */; };
		1DF1153F2C5834C9004C5031 /* GoogleSignIn in Frameworks */ = {isa = PBXBuildFile; productRef = 1DF1153E2C5834C9004C5031 /* GoogleSignIn */; };
		1DF115412C5834C9004C5031 /* GoogleSignInSwift in Frameworks */ = {isa = PBXBuildFile; productRef = 1DF115402C5834C9004C5031 /* GoogleSignInSwift */; };
/* End PBXBuildFile section */

/* Begin PBXFileReference section */
		1D32E07F2C59717900701AD4 /* MyWalletScreenViewController.swift */ = {isa = PBXFileReference; lastKnownFileType = sourcecode.swift; path = MyWalletScreenViewController.swift; sourceTree = "<group>"; };
		1D32E0812C5971BC00701AD4 /* QRScanScreenViewController.swift */ = {isa = PBXFileReference; lastKnownFileType = sourcecode.swift; path = QRScanScreenViewController.swift; sourceTree = "<group>"; };
		1D32E0832C5972ED00701AD4 /* RewardScreenViewController.swift */ = {isa = PBXFileReference; lastKnownFileType = sourcecode.swift; path = RewardScreenViewController.swift; sourceTree = "<group>"; };
		1D32E0852C59731F00701AD4 /* ProfileScreenViewController.swift */ = {isa = PBXFileReference; lastKnownFileType = sourcecode.swift; path = ProfileScreenViewController.swift; sourceTree = "<group>"; };
		1D32E08C2C59762B00701AD4 /* DesignableTabBarScreenViewController.swift */ = {isa = PBXFileReference; lastKnownFileType = sourcecode.swift; path = DesignableTabBarScreenViewController.swift; sourceTree = "<group>"; };
		1DD28AD12C5575AB00870FF7 /* Sample_Payment2K24.app */ = {isa = PBXFileReference; explicitFileType = wrapper.application; includeInIndex = 0; path = Sample_Payment2K24.app; sourceTree = BUILT_PRODUCTS_DIR; };
		1DD28AD42C5575AB00870FF7 /* AppDelegate.swift */ = {isa = PBXFileReference; lastKnownFileType = sourcecode.swift; path = AppDelegate.swift; sourceTree = "<group>"; };
		1DD28AD62C5575AB00870FF7 /* SceneDelegate.swift */ = {isa = PBXFileReference; lastKnownFileType = sourcecode.swift; path = SceneDelegate.swift; sourceTree = "<group>"; };
		1DD28AD82C5575AB00870FF7 /* HomeScreenViewController.swift */ = {isa = PBXFileReference; lastKnownFileType = sourcecode.swift; path = HomeScreenViewController.swift; sourceTree = "<group>"; };
		1DD28ADB2C5575AB00870FF7 /* Base */ = {isa = PBXFileReference; lastKnownFileType = file.storyboard; name = Base; path = Base.lproj/Main.storyboard; sourceTree = "<group>"; };
		1DD28ADD2C5575AE00870FF7 /* Assets.xcassets */ = {isa = PBXFileReference; lastKnownFileType = folder.assetcatalog; path = Assets.xcassets; sourceTree = "<group>"; };
		1DD28AE02C5575AE00870FF7 /* Base */ = {isa = PBXFileReference; lastKnownFileType = file.storyboard; name = Base; path = Base.lproj/LaunchScreen.storyboard; sourceTree = "<group>"; };
		1DD28AE22C5575AE00870FF7 /* Info.plist */ = {isa = PBXFileReference; lastKnownFileType = text.plist.xml; path = Info.plist; sourceTree = "<group>"; };
		1DD28AEF2C55784100870FF7 /* Colors.xcassets */ = {isa = PBXFileReference; lastKnownFileType = folder.assetcatalog; path = Colors.xcassets; sourceTree = "<group>"; };
		1DD28AF52C557D4000870FF7 /* AllModelEntity.swift */ = {isa = PBXFileReference; lastKnownFileType = sourcecode.swift; path = AllModelEntity.swift; sourceTree = "<group>"; };
		1DD28AF72C557D4800870FF7 /* Constants.swift */ = {isa = PBXFileReference; lastKnownFileType = sourcecode.swift; path = Constants.swift; sourceTree = "<group>"; };
		1DD28AF92C557D5100870FF7 /* Extensions.swift */ = {isa = PBXFileReference; lastKnownFileType = sourcecode.swift; path = Extensions.swift; sourceTree = "<group>"; };
		1DE9F1EA2C56CBA3000EEE07 /* LoginScreenViewController.swift */ = {isa = PBXFileReference; lastKnownFileType = sourcecode.swift; path = LoginScreenViewController.swift; sourceTree = "<group>"; };
		1DE9F1EC2C56CBB1000EEE07 /* LoginScreen.storyboard */ = {isa = PBXFileReference; lastKnownFileType = file.storyboard; path = LoginScreen.storyboard; sourceTree = "<group>"; };
		1DE9F1EE2C56D7BB000EEE07 /* CustomButton.swift */ = {isa = PBXFileReference; lastKnownFileType = sourcecode.swift; path = CustomButton.swift; sourceTree = "<group>"; };
		1DE9F1F02C56D822000EEE07 /* RoundedButton.swift */ = {isa = PBXFileReference; lastKnownFileType = sourcecode.swift; path = RoundedButton.swift; sourceTree = "<group>"; };
		1DE9F1F22C56D847000EEE07 /* DesignableView.swift */ = {isa = PBXFileReference; lastKnownFileType = sourcecode.swift; path = DesignableView.swift; sourceTree = "<group>"; };
		1DE9F1F42C56DA3E000EEE07 /* LoginScreenProtocols.swift */ = {isa = PBXFileReference; lastKnownFileType = sourcecode.swift; path = LoginScreenProtocols.swift; sourceTree = "<group>"; };
		1DE9F1F62C56DA55000EEE07 /* LoginScreenEntity.swift */ = {isa = PBXFileReference; lastKnownFileType = sourcecode.swift; path = LoginScreenEntity.swift; sourceTree = "<group>"; };
		1DE9F1F82C56DD58000EEE07 /* SQLiteBase.swift */ = {isa = PBXFileReference; fileEncoding = 4; lastKnownFileType = sourcecode.swift; path = SQLiteBase.swift; sourceTree = "<group>"; };
		1DE9F1F92C56DD58000EEE07 /* CloudDB.swift */ = {isa = PBXFileReference; fileEncoding = 4; lastKnownFileType = sourcecode.swift; path = CloudDB.swift; sourceTree = "<group>"; };
		1DE9F1FA2C56DD58000EEE07 /* Bridging-Header.h */ = {isa = PBXFileReference; fileEncoding = 4; lastKnownFileType = sourcecode.c.h; path = "Bridging-Header.h"; sourceTree = "<group>"; };
		1DE9F1FB2C56DD58000EEE07 /* SQLTable.swift */ = {isa = PBXFileReference; fileEncoding = 4; lastKnownFileType = sourcecode.swift; path = SQLTable.swift; sourceTree = "<group>"; };
		1DE9F1FC2C56DD58000EEE07 /* SQLiteDB.swift */ = {isa = PBXFileReference; fileEncoding = 4; lastKnownFileType = sourcecode.swift; path = SQLiteDB.swift; sourceTree = "<group>"; };
		1DE9F2022C56DF0D000EEE07 /* libsqlite3.tbd */ = {isa = PBXFileReference; lastKnownFileType = "sourcecode.text-based-dylib-definition"; name = libsqlite3.tbd; path = usr/lib/libsqlite3.tbd; sourceTree = SDKROOT; };
		1DE9F2032C56DF0D000EEE07 /* libsqlite3.0.tbd */ = {isa = PBXFileReference; lastKnownFileType = "sourcecode.text-based-dylib-definition"; name = libsqlite3.0.tbd; path = usr/lib/libsqlite3.0.tbd; sourceTree = SDKROOT; };
		1DE9F20F2C56EBB8000EEE07 /* DBManager.swift */ = {isa = PBXFileReference; lastKnownFileType = sourcecode.swift; path = DBManager.swift; sourceTree = "<group>"; };
		1DF115362C58120D004C5031 /* Bank.swift */ = {isa = PBXFileReference; lastKnownFileType = sourcecode.swift; path = Bank.swift; sourceTree = "<group>"; };
		1DF115382C581218004C5031 /* Account.swift */ = {isa = PBXFileReference; lastKnownFileType = sourcecode.swift; path = Account.swift; sourceTree = "<group>"; };
		1DF1153B2C582B2C004C5031 /* Payment.db */ = {isa = PBXFileReference; lastKnownFileType = file; path = Payment.db; sourceTree = "<group>"; };
/* End PBXFileReference section */

/* Begin PBXFrameworksBuildPhase section */
		1DE9F2062C56DF1D000EEE07 /* Frameworks */ = {
			isa = PBXFrameworksBuildPhase;
			buildActionMask = 2147483647;
			files = (
				1DE9F2072C56DF45000EEE07 /* libsqlite3.0.tbd in Frameworks */,
				1DE9F2082C56DF45000EEE07 /* libsqlite3.tbd in Frameworks */,
				1DF1153F2C5834C9004C5031 /* GoogleSignIn in Frameworks */,
				1DF115412C5834C9004C5031 /* GoogleSignInSwift in Frameworks */,
			);
			runOnlyForDeploymentPostprocessing = 0;
		};
/* End PBXFrameworksBuildPhase section */

/* Begin PBXGroup section */
		1D32E0872C5974AC00701AD4 /* MyWalletScreenModule */ = {
			isa = PBXGroup;
			children = (
				1D32E07F2C59717900701AD4 /* MyWalletScreenViewController.swift */,
			);
			path = MyWalletScreenModule;
			sourceTree = "<group>";
		};
		1D32E0882C5974C000701AD4 /* QRScannerScreenModule */ = {
			isa = PBXGroup;
			children = (
				1D32E0812C5971BC00701AD4 /* QRScanScreenViewController.swift */,
			);
			path = QRScannerScreenModule;
			sourceTree = "<group>";
		};
		1D32E0892C5974D100701AD4 /* RewardScreenModule */ = {
			isa = PBXGroup;
			children = (
				1D32E0832C5972ED00701AD4 /* RewardScreenViewController.swift */,
			);
			path = RewardScreenModule;
			sourceTree = "<group>";
		};
		1D32E08A2C5974E100701AD4 /* ProfileScreenModule */ = {
			isa = PBXGroup;
			children = (
				1D32E0852C59731F00701AD4 /* ProfileScreenViewController.swift */,
			);
			path = ProfileScreenModule;
			sourceTree = "<group>";
		};
		1D32E08B2C5975CE00701AD4 /* DesignableTabBarScreenModule */ = {
			isa = PBXGroup;
			children = (
				1D32E08C2C59762B00701AD4 /* DesignableTabBarScreenViewController.swift */,
			);
			path = DesignableTabBarScreenModule;
			sourceTree = "<group>";
		};
		1DD28AC82C5575AB00870FF7 = {
			isa = PBXGroup;
			children = (
				1DD28AD32C5575AB00870FF7 /* Sample_Payment2K24 */,
				1DD28AD22C5575AB00870FF7 /* Products */,
				1DE9F2012C56DF0C000EEE07 /* Frameworks */,
			);
			sourceTree = "<group>";
		};
		1DD28AD22C5575AB00870FF7 /* Products */ = {
			isa = PBXGroup;
			children = (
				1DD28AD12C5575AB00870FF7 /* Sample_Payment2K24.app */,
			);
			name = Products;
			sourceTree = "<group>";
		};
		1DD28AD32C5575AB00870FF7 /* Sample_Payment2K24 */ = {
			isa = PBXGroup;
			children = (
				1DD28AE82C55771100870FF7 /* Application */,
				1DE9F1E42C56C533000EEE07 /* Resource */,
				1DE9F1E52C56C53D000EEE07 /* Thirdparties */,
				1DE9F20E2C56EB6F000EEE07 /* Models */,
				1DD28AEE2C5577E500870FF7 /* Modules */,
				1DD28AEB2C55778500870FF7 /* UIComponents */,
				1DD28AEC2C55779000870FF7 /* Helper */,
				1DD28AED2C55779800870FF7 /* Supporting Files */,
				1DD28ADD2C5575AE00870FF7 /* Assets.xcassets */,
				1DD28ADF2C5575AE00870FF7 /* LaunchScreen.storyboard */,
				1DD28AE22C5575AE00870FF7 /* Info.plist */,
			);
			path = Sample_Payment2K24;
			sourceTree = "<group>";
		};
		1DD28AE82C55771100870FF7 /* Application */ = {
			isa = PBXGroup;
			children = (
				1DD28AD42C5575AB00870FF7 /* AppDelegate.swift */,
				1DD28AD62C5575AB00870FF7 /* SceneDelegate.swift */,
			);
			path = Application;
			sourceTree = "<group>";
		};
		1DD28AE92C55776000870FF7 /* HomeScreenModule */ = {
			isa = PBXGroup;
			children = (
				1DD28AD82C5575AB00870FF7 /* HomeScreenViewController.swift */,
				1DD28ADA2C5575AB00870FF7 /* Main.storyboard */,
			);
			path = HomeScreenModule;
			sourceTree = "<group>";
		};
		1DD28AEB2C55778500870FF7 /* UIComponents */ = {
			isa = PBXGroup;
			children = (
				1DD28AF42C5578C500870FF7 /* Custom */,
			);
			path = UIComponents;
			sourceTree = "<group>";
		};
		1DD28AEC2C55779000870FF7 /* Helper */ = {
			isa = PBXGroup;
			children = (
				1DD28AF52C557D4000870FF7 /* AllModelEntity.swift */,
				1DD28AF72C557D4800870FF7 /* Constants.swift */,
				1DD28AF92C557D5100870FF7 /* Extensions.swift */,
			);
			path = Helper;
			sourceTree = "<group>";
		};
		1DD28AED2C55779800870FF7 /* Supporting Files */ = {
			isa = PBXGroup;
			children = (
				1DD28AEF2C55784100870FF7 /* Colors.xcassets */,
			);
			path = "Supporting Files";
			sourceTree = "<group>";
		};
		1DD28AEE2C5577E500870FF7 /* Modules */ = {
			isa = PBXGroup;
			children = (
				1DD28AF32C5578AB00870FF7 /* LoginScreenModule */,
				1D32E08B2C5975CE00701AD4 /* DesignableTabBarScreenModule */,
				1DD28AE92C55776000870FF7 /* HomeScreenModule */,
				1D32E0872C5974AC00701AD4 /* MyWalletScreenModule */,
				1D32E0882C5974C000701AD4 /* QRScannerScreenModule */,
				1D32E0892C5974D100701AD4 /* RewardScreenModule */,
				1D32E08A2C5974E100701AD4 /* ProfileScreenModule */,
			);
			path = Modules;
			sourceTree = "<group>";
		};
		1DD28AF32C5578AB00870FF7 /* LoginScreenModule */ = {
			isa = PBXGroup;
			children = (
				1DE9F1EC2C56CBB1000EEE07 /* LoginScreen.storyboard */,
				1DE9F1EA2C56CBA3000EEE07 /* LoginScreenViewController.swift */,
				1DE9F1F42C56DA3E000EEE07 /* LoginScreenProtocols.swift */,
				1DE9F1F62C56DA55000EEE07 /* LoginScreenEntity.swift */,
			);
			path = LoginScreenModule;
			sourceTree = "<group>";
		};
		1DD28AF42C5578C500870FF7 /* Custom */ = {
			isa = PBXGroup;
			children = (
				1DE9F1EE2C56D7BB000EEE07 /* CustomButton.swift */,
				1DE9F1F02C56D822000EEE07 /* RoundedButton.swift */,
				1DE9F1F22C56D847000EEE07 /* DesignableView.swift */,
			);
			path = Custom;
			sourceTree = "<group>";
		};
		1DE9F1E42C56C533000EEE07 /* Resource */ = {
			isa = PBXGroup;
			children = (
				1DF1153B2C582B2C004C5031 /* Payment.db */,
			);
			path = Resource;
			sourceTree = "<group>";
		};
		1DE9F1E52C56C53D000EEE07 /* Thirdparties */ = {
			isa = PBXGroup;
			children = (
				1DE9F1FA2C56DD58000EEE07 /* Bridging-Header.h */,
				1DE9F1F92C56DD58000EEE07 /* CloudDB.swift */,
				1DE9F1F82C56DD58000EEE07 /* SQLiteBase.swift */,
				1DE9F1FC2C56DD58000EEE07 /* SQLiteDB.swift */,
				1DE9F1FB2C56DD58000EEE07 /* SQLTable.swift */,
			);
			path = Thirdparties;
			sourceTree = "<group>";
		};
		1DE9F2012C56DF0C000EEE07 /* Frameworks */ = {
			isa = PBXGroup;
			children = (
				1DE9F2032C56DF0D000EEE07 /* libsqlite3.0.tbd */,
				1DE9F2022C56DF0D000EEE07 /* libsqlite3.tbd */,
			);
			name = Frameworks;
			sourceTree = "<group>";
		};
		1DE9F20E2C56EB6F000EEE07 /* Models */ = {
			isa = PBXGroup;
			children = (
				1DF115362C58120D004C5031 /* Bank.swift */,
				1DE9F20F2C56EBB8000EEE07 /* DBManager.swift */,
				1DF115382C581218004C5031 /* Account.swift */,
			);
			path = Models;
			sourceTree = "<group>";
		};
/* End PBXGroup section */

/* Begin PBXNativeTarget section */
		1DD28AD02C5575AB00870FF7 /* Sample_Payment2K24 */ = {
			isa = PBXNativeTarget;
			buildConfigurationList = 1DD28AE52C5575AE00870FF7 /* Build configuration list for PBXNativeTarget "Sample_Payment2K24" */;
			buildPhases = (
				1DD28ACD2C5575AB00870FF7 /* Sources */,
				1DE9F2062C56DF1D000EEE07 /* Frameworks */,
				1DD28ACF2C5575AB00870FF7 /* Resources */,
			);
			buildRules = (
			);
			dependencies = (
			);
			name = Sample_Payment2K24;
			packageProductDependencies = (
				1DF1153E2C5834C9004C5031 /* GoogleSignIn */,
				1DF115402C5834C9004C5031 /* GoogleSignInSwift */,
			);
			productName = Sample_Payment2K24;
			productReference = 1DD28AD12C5575AB00870FF7 /* Sample_Payment2K24.app */;
			productType = "com.apple.product-type.application";
		};
/* End PBXNativeTarget section */

/* Begin PBXProject section */
		1DD28AC92C5575AB00870FF7 /* Project object */ = {
			isa = PBXProject;
			attributes = {
				BuildIndependentTargetsInParallel = 1;
				LastSwiftUpdateCheck = 1540;
				LastUpgradeCheck = 1540;
				TargetAttributes = {
					1DD28AD02C5575AB00870FF7 = {
						CreatedOnToolsVersion = 15.4;
					};
				};
			};
			buildConfigurationList = 1DD28ACC2C5575AB00870FF7 /* Build configuration list for PBXProject "Sample_Payment2K24" */;
			compatibilityVersion = "Xcode 14.0";
			developmentRegion = en;
			hasScannedForEncodings = 0;
			knownRegions = (
				en,
				Base,
			);
			mainGroup = 1DD28AC82C5575AB00870FF7;
			packageReferences = (
				1DF1153D2C5834C9004C5031 /* XCRemoteSwiftPackageReference "GoogleSignIn-iOS" */,
			);
			productRefGroup = 1DD28AD22C5575AB00870FF7 /* Products */;
			projectDirPath = "";
			projectRoot = "";
			targets = (
				1DD28AD02C5575AB00870FF7 /* Sample_Payment2K24 */,
			);
		};
/* End PBXProject section */

/* Begin PBXResourcesBuildPhase section */
		1DD28ACF2C5575AB00870FF7 /* Resources */ = {
			isa = PBXResourcesBuildPhase;
			buildActionMask = 2147483647;
			files = (
				1DD28ADE2C5575AE00870FF7 /* Assets.xcassets in Resources */,
				1DD28AF02C55784100870FF7 /* Colors.xcassets in Resources */,
				1DD28AE12C5575AE00870FF7 /* Base in Resources */,
				1DE9F1ED2C56CBB1000EEE07 /* LoginScreen.storyboard in Resources */,
				1DF1153C2C582B2C004C5031 /* Payment.db in Resources */,
				1DD28ADC2C5575AB00870FF7 /* Base in Resources */,
			);
			runOnlyForDeploymentPostprocessing = 0;
		};
/* End PBXResourcesBuildPhase section */

/* Begin PBXSourcesBuildPhase section */
		1DD28ACD2C5575AB00870FF7 /* Sources */ = {
			isa = PBXSourcesBuildPhase;
			buildActionMask = 2147483647;
			files = (
				1DE9F1FD2C56DD58000EEE07 /* SQLiteBase.swift in Sources */,
				1DE9F2002C56DD58000EEE07 /* SQLiteDB.swift in Sources */,
				1DD28AF82C557D4800870FF7 /* Constants.swift in Sources */,
				1DE9F1F52C56DA3E000EEE07 /* LoginScreenProtocols.swift in Sources */,
				1DE9F1EB2C56CBA3000EEE07 /* LoginScreenViewController.swift in Sources */,
				1DD28AFA2C557D5100870FF7 /* Extensions.swift in Sources */,
				1DD28AD92C5575AB00870FF7 /* HomeScreenViewController.swift in Sources */,
				1DE9F1F12C56D822000EEE07 /* RoundedButton.swift in Sources */,
				1DE9F1FE2C56DD58000EEE07 /* CloudDB.swift in Sources */,
				1DE9F1EF2C56D7BB000EEE07 /* CustomButton.swift in Sources */,
				1D32E0802C59717900701AD4 /* MyWalletScreenViewController.swift in Sources */,
				1D32E0862C59731F00701AD4 /* ProfileScreenViewController.swift in Sources */,
				1DD28AD52C5575AB00870FF7 /* AppDelegate.swift in Sources */,
				1DE9F2102C56EBB8000EEE07 /* DBManager.swift in Sources */,
				1D32E0842C5972ED00701AD4 /* RewardScreenViewController.swift in Sources */,
				1DE9F1F72C56DA55000EEE07 /* LoginScreenEntity.swift in Sources */,
				1DD28AF62C557D4000870FF7 /* AllModelEntity.swift in Sources */,
				1DE9F1F32C56D847000EEE07 /* DesignableView.swift in Sources */,
				1DF115372C58120D004C5031 /* Bank.swift in Sources */,
				1D32E0822C5971BC00701AD4 /* QRScanScreenViewController.swift in Sources */,
				1DD28AD72C5575AB00870FF7 /* SceneDelegate.swift in Sources */,
				1DF115392C581218004C5031 /* Account.swift in Sources */,
				1D32E08D2C59762B00701AD4 /* DesignableTabBarScreenViewController.swift in Sources */,
				1DE9F1FF2C56DD58000EEE07 /* SQLTable.swift in Sources */,
			);
			runOnlyForDeploymentPostprocessing = 0;
		};
/* End PBXSourcesBuildPhase section */

/* Begin PBXVariantGroup section */
		1DD28ADA2C5575AB00870FF7 /* Main.storyboard */ = {
			isa = PBXVariantGroup;
			children = (
				1DD28ADB2C5575AB00870FF7 /* Base */,
			);
			name = Main.storyboard;
			sourceTree = "<group>";
		};
		1DD28ADF2C5575AE00870FF7 /* LaunchScreen.storyboard */ = {
			isa = PBXVariantGroup;
			children = (
				1DD28AE02C5575AE00870FF7 /* Base */,
			);
			name = LaunchScreen.storyboard;
			sourceTree = "<group>";
		};
/* End PBXVariantGroup section */

/* Begin XCBuildConfiguration section */
		1DD28AE32C5575AE00870FF7 /* Debug */ = {
			isa = XCBuildConfiguration;
			buildSettings = {
				ALWAYS_SEARCH_USER_PATHS = NO;
				ASSETCATALOG_COMPILER_GENERATE_SWIFT_ASSET_SYMBOL_EXTENSIONS = YES;
				CLANG_ANALYZER_NONNULL = YES;
				CLANG_ANALYZER_NUMBER_OBJECT_CONVERSION = YES_AGGRESSIVE;
				CLANG_CXX_LANGUAGE_STANDARD = "gnu++20";
				CLANG_ENABLE_MODULES = YES;
				CLANG_ENABLE_OBJC_ARC = YES;
				CLANG_ENABLE_OBJC_WEAK = YES;
				CLANG_WARN_BLOCK_CAPTURE_AUTORELEASING = YES;
				CLANG_WARN_BOOL_CONVERSION = YES;
				CLANG_WARN_COMMA = YES;
				CLANG_WARN_CONSTANT_CONVERSION = YES;
				CLANG_WARN_DEPRECATED_OBJC_IMPLEMENTATIONS = YES;
				CLANG_WARN_DIRECT_OBJC_ISA_USAGE = YES_ERROR;
				CLANG_WARN_DOCUMENTATION_COMMENTS = YES;
				CLANG_WARN_EMPTY_BODY = YES;
				CLANG_WARN_ENUM_CONVERSION = YES;
				CLANG_WARN_INFINITE_RECURSION = YES;
				CLANG_WARN_INT_CONVERSION = YES;
				CLANG_WARN_NON_LITERAL_NULL_CONVERSION = YES;
				CLANG_WARN_OBJC_IMPLICIT_RETAIN_SELF = YES;
				CLANG_WARN_OBJC_LITERAL_CONVERSION = YES;
				CLANG_WARN_OBJC_ROOT_CLASS = YES_ERROR;
				CLANG_WARN_QUOTED_INCLUDE_IN_FRAMEWORK_HEADER = YES;
				CLANG_WARN_RANGE_LOOP_ANALYSIS = YES;
				CLANG_WARN_STRICT_PROTOTYPES = YES;
				CLANG_WARN_SUSPICIOUS_MOVE = YES;
				CLANG_WARN_UNGUARDED_AVAILABILITY = YES_AGGRESSIVE;
				CLANG_WARN_UNREACHABLE_CODE = YES;
				CLANG_WARN__DUPLICATE_METHOD_MATCH = YES;
				COPY_PHASE_STRIP = NO;
				DEBUG_INFORMATION_FORMAT = dwarf;
				ENABLE_STRICT_OBJC_MSGSEND = YES;
				ENABLE_TESTABILITY = YES;
				ENABLE_USER_SCRIPT_SANDBOXING = YES;
				GCC_C_LANGUAGE_STANDARD = gnu17;
				GCC_DYNAMIC_NO_PIC = NO;
				GCC_NO_COMMON_BLOCKS = YES;
				GCC_OPTIMIZATION_LEVEL = 0;
				GCC_PREPROCESSOR_DEFINITIONS = (
					"DEBUG=1",
					"$(inherited)",
				);
				GCC_WARN_64_TO_32_BIT_CONVERSION = YES;
				GCC_WARN_ABOUT_RETURN_TYPE = YES_ERROR;
				GCC_WARN_UNDECLARED_SELECTOR = YES;
				GCC_WARN_UNINITIALIZED_AUTOS = YES_AGGRESSIVE;
				GCC_WARN_UNUSED_FUNCTION = YES;
				GCC_WARN_UNUSED_VARIABLE = YES;
				IPHONEOS_DEPLOYMENT_TARGET = 17.5;
				LOCALIZATION_PREFERS_STRING_CATALOGS = YES;
				MTL_ENABLE_DEBUG_INFO = INCLUDE_SOURCE;
				MTL_FAST_MATH = YES;
				ONLY_ACTIVE_ARCH = YES;
				SDKROOT = iphoneos;
				SWIFT_ACTIVE_COMPILATION_CONDITIONS = "DEBUG $(inherited)";
				SWIFT_OPTIMIZATION_LEVEL = "-Onone";
			};
			name = Debug;
		};
		1DD28AE42C5575AE00870FF7 /* Release */ = {
			isa = XCBuildConfiguration;
			buildSettings = {
				ALWAYS_SEARCH_USER_PATHS = NO;
				ASSETCATALOG_COMPILER_GENERATE_SWIFT_ASSET_SYMBOL_EXTENSIONS = YES;
				CLANG_ANALYZER_NONNULL = YES;
				CLANG_ANALYZER_NUMBER_OBJECT_CONVERSION = YES_AGGRESSIVE;
				CLANG_CXX_LANGUAGE_STANDARD = "gnu++20";
				CLANG_ENABLE_MODULES = YES;
				CLANG_ENABLE_OBJC_ARC = YES;
				CLANG_ENABLE_OBJC_WEAK = YES;
				CLANG_WARN_BLOCK_CAPTURE_AUTORELEASING = YES;
				CLANG_WARN_BOOL_CONVERSION = YES;
				CLANG_WARN_COMMA = YES;
				CLANG_WARN_CONSTANT_CONVERSION = YES;
				CLANG_WARN_DEPRECATED_OBJC_IMPLEMENTATIONS = YES;
				CLANG_WARN_DIRECT_OBJC_ISA_USAGE = YES_ERROR;
				CLANG_WARN_DOCUMENTATION_COMMENTS = YES;
				CLANG_WARN_EMPTY_BODY = YES;
				CLANG_WARN_ENUM_CONVERSION = YES;
				CLANG_WARN_INFINITE_RECURSION = YES;
				CLANG_WARN_INT_CONVERSION = YES;
				CLANG_WARN_NON_LITERAL_NULL_CONVERSION = YES;
				CLANG_WARN_OBJC_IMPLICIT_RETAIN_SELF = YES;
				CLANG_WARN_OBJC_LITERAL_CONVERSION = YES;
				CLANG_WARN_OBJC_ROOT_CLASS = YES_ERROR;
				CLANG_WARN_QUOTED_INCLUDE_IN_FRAMEWORK_HEADER = YES;
				CLANG_WARN_RANGE_LOOP_ANALYSIS = YES;
				CLANG_WARN_STRICT_PROTOTYPES = YES;
				CLANG_WARN_SUSPICIOUS_MOVE = YES;
				CLANG_WARN_UNGUARDED_AVAILABILITY = YES_AGGRESSIVE;
				CLANG_WARN_UNREACHABLE_CODE = YES;
				CLANG_WARN__DUPLICATE_METHOD_MATCH = YES;
				COPY_PHASE_STRIP = NO;
				DEBUG_INFORMATION_FORMAT = "dwarf-with-dsym";
				ENABLE_NS_ASSERTIONS = NO;
				ENABLE_STRICT_OBJC_MSGSEND = YES;
				ENABLE_USER_SCRIPT_SANDBOXING = YES;
				GCC_C_LANGUAGE_STANDARD = gnu17;
				GCC_NO_COMMON_BLOCKS = YES;
				GCC_WARN_64_TO_32_BIT_CONVERSION = YES;
				GCC_WARN_ABOUT_RETURN_TYPE = YES_ERROR;
				GCC_WARN_UNDECLARED_SELECTOR = YES;
				GCC_WARN_UNINITIALIZED_AUTOS = YES_AGGRESSIVE;
				GCC_WARN_UNUSED_FUNCTION = YES;
				GCC_WARN_UNUSED_VARIABLE = YES;
				IPHONEOS_DEPLOYMENT_TARGET = 17.5;
				LOCALIZATION_PREFERS_STRING_CATALOGS = YES;
				MTL_ENABLE_DEBUG_INFO = NO;
				MTL_FAST_MATH = YES;
				SDKROOT = iphoneos;
				SWIFT_COMPILATION_MODE = wholemodule;
				VALIDATE_PRODUCT = YES;
			};
			name = Release;
		};
		1DD28AE62C5575AE00870FF7 /* Debug */ = {
			isa = XCBuildConfiguration;
			buildSettings = {
				ASSETCATALOG_COMPILER_APPICON_NAME = AppIcon;
				ASSETCATALOG_COMPILER_GLOBAL_ACCENT_COLOR_NAME = AccentColor;
				CODE_SIGN_STYLE = Automatic;
				CURRENT_PROJECT_VERSION = 1;
				DEVELOPMENT_TEAM = S727C47Y77;
				GENERATE_INFOPLIST_FILE = YES;
				INFOPLIST_FILE = Sample_Payment2K24/Info.plist;
				INFOPLIST_KEY_UIApplicationSupportsIndirectInputEvents = YES;
				INFOPLIST_KEY_UILaunchStoryboardName = LaunchScreen;
				INFOPLIST_KEY_UIMainStoryboardFile = Main;
				INFOPLIST_KEY_UISupportedInterfaceOrientations_iPad = "UIInterfaceOrientationPortrait UIInterfaceOrientationPortraitUpsideDown UIInterfaceOrientationLandscapeLeft UIInterfaceOrientationLandscapeRight";
				INFOPLIST_KEY_UISupportedInterfaceOrientations_iPhone = "UIInterfaceOrientationPortrait UIInterfaceOrientationLandscapeLeft UIInterfaceOrientationLandscapeRight";
				LD_RUNPATH_SEARCH_PATHS = (
					"$(inherited)",
					"@executable_path/Frameworks",
				);
				MARKETING_VERSION = 1.0;
				PRODUCT_BUNDLE_IDENTIFIER = "com.mycreationcollections.Sample-Payment2K24";
				PRODUCT_NAME = "$(TARGET_NAME)";
				SWIFT_EMIT_LOC_STRINGS = YES;
				SWIFT_OBJC_BRIDGING_HEADER = "Sample_Payment2K24/Thirdparties/Bridging-Header.h";
				SWIFT_VERSION = 5.0;
				TARGETED_DEVICE_FAMILY = "1,2";
			};
			name = Debug;
		};
		1DD28AE72C5575AE00870FF7 /* Release */ = {
			isa = XCBuildConfiguration;
			buildSettings = {
				ASSETCATALOG_COMPILER_APPICON_NAME = AppIcon;
				ASSETCATALOG_COMPILER_GLOBAL_ACCENT_COLOR_NAME = AccentColor;
				CODE_SIGN_STYLE = Automatic;
				CURRENT_PROJECT_VERSION = 1;
				DEVELOPMENT_TEAM = S727C47Y77;
				GENERATE_INFOPLIST_FILE = YES;
				INFOPLIST_FILE = Sample_Payment2K24/Info.plist;
				INFOPLIST_KEY_UIApplicationSupportsIndirectInputEvents = YES;
				INFOPLIST_KEY_UILaunchStoryboardName = LaunchScreen;
				INFOPLIST_KEY_UIMainStoryboardFile = Main;
				INFOPLIST_KEY_UISupportedInterfaceOrientations_iPad = "UIInterfaceOrientationPortrait UIInterfaceOrientationPortraitUpsideDown UIInterfaceOrientationLandscapeLeft UIInterfaceOrientationLandscapeRight";
				INFOPLIST_KEY_UISupportedInterfaceOrientations_iPhone = "UIInterfaceOrientationPortrait UIInterfaceOrientationLandscapeLeft UIInterfaceOrientationLandscapeRight";
				LD_RUNPATH_SEARCH_PATHS = (
					"$(inherited)",
					"@executable_path/Frameworks",
				);
				MARKETING_VERSION = 1.0;
				PRODUCT_BUNDLE_IDENTIFIER = "com.mycreationcollections.Sample-Payment2K24";
				PRODUCT_NAME = "$(TARGET_NAME)";
				SWIFT_EMIT_LOC_STRINGS = YES;
				SWIFT_OBJC_BRIDGING_HEADER = "Sample_Payment2K24/Thirdparties/Bridging-Header.h";
				SWIFT_VERSION = 5.0;
				TARGETED_DEVICE_FAMILY = "1,2";
			};
			name = Release;
		};
/* End XCBuildConfiguration section */

/* Begin XCConfigurationList section */
		1DD28ACC2C5575AB00870FF7 /* Build configuration list for PBXProject "Sample_Payment2K24" */ = {
			isa = XCConfigurationList;
			buildConfigurations = (
				1DD28AE32C5575AE00870FF7 /* Debug */,
				1DD28AE42C5575AE00870FF7 /* Release */,
			);
			defaultConfigurationIsVisible = 0;
			defaultConfigurationName = Release;
		};
		1DD28AE52C5575AE00870FF7 /* Build configuration list for PBXNativeTarget "Sample_Payment2K24" */ = {
			isa = XCConfigurationList;
			buildConfigurations = (
				1DD28AE62C5575AE00870FF7 /* Debug */,
				1DD28AE72C5575AE00870FF7 /* Release */,
			);
			defaultConfigurationIsVisible = 0;
			defaultConfigurationName = Release;
		};
/* End XCConfigurationList section */

/* Begin XCRemoteSwiftPackageReference section */
		1DF1153D2C5834C9004C5031 /* XCRemoteSwiftPackageReference "GoogleSignIn-iOS" */ = {
			isa = XCRemoteSwiftPackageReference;
			repositoryURL = "https://github.com/google/GoogleSignIn-iOS";
			requirement = {
				kind = upToNextMajorVersion;
				minimumVersion = 7.1.0;
			};
		};
/* End XCRemoteSwiftPackageReference section */

/* Begin XCSwiftPackageProductDependency section */
		1DF1153E2C5834C9004C5031 /* GoogleSignIn */ = {
			isa = XCSwiftPackageProductDependency;
			package = 1DF1153D2C5834C9004C5031 /* XCRemoteSwiftPackageReference "GoogleSignIn-iOS" */;
			productName = GoogleSignIn;
		};
		1DF115402C5834C9004C5031 /* GoogleSignInSwift */ = {
			isa = XCSwiftPackageProductDependency;
			package = 1DF1153D2C5834C9004C5031 /* XCRemoteSwiftPackageReference "GoogleSignIn-iOS" */;
			productName = GoogleSignInSwift;
		};
/* End XCSwiftPackageProductDependency section */
	};
	rootObject = 1DD28AC92C5575AB00870FF7 /* Project object */;
}
